// !$*UTF8*$!
{
	archiveVersion = 1;
	classes = {
	};
	objectVersion = 50;
	objects = {

/* Begin PBXBuildFile section */
		D235E6DE264EA15D000BFC2B /* WeatherTableViewCell.xib in Resources */ = {isa = PBXBuildFile; fileRef = D235E6DD264EA15D000BFC2B /* WeatherTableViewCell.xib */; };
		D235E6E1264EA176000BFC2B /* HourlyTableViewCell.xib in Resources */ = {isa = PBXBuildFile; fileRef = D235E6E0264EA176000BFC2B /* HourlyTableViewCell.xib */; };
		D2B8A861264D785800363AAD /* AppDelegate.swift in Sources */ = {isa = PBXBuildFile; fileRef = D2B8A860264D785800363AAD /* AppDelegate.swift */; };
		D2B8A863264D785800363AAD /* SceneDelegate.swift in Sources */ = {isa = PBXBuildFile; fileRef = D2B8A862264D785800363AAD /* SceneDelegate.swift */; };
		D2B8A865264D785800363AAD /* ViewController.swift in Sources */ = {isa = PBXBuildFile; fileRef = D2B8A864264D785800363AAD /* ViewController.swift */; };
		D2B8A868264D785800363AAD /* Main.storyboard in Resources */ = {isa = PBXBuildFile; fileRef = D2B8A866264D785800363AAD /* Main.storyboard */; };
		D2B8A86A264D785900363AAD /* Assets.xcassets in Resources */ = {isa = PBXBuildFile; fileRef = D2B8A869264D785900363AAD /* Assets.xcassets */; };
		D2B8A86D264D785900363AAD /* LaunchScreen.storyboard in Resources */ = {isa = PBXBuildFile; fileRef = D2B8A86B264D785900363AAD /* LaunchScreen.storyboard */; };
		D2B8A87F264D814B00363AAD /* HourlyTableViewCell.swift in Sources */ = {isa = PBXBuildFile; fileRef = D2B8A87E264D814B00363AAD /* HourlyTableViewCell.swift */; };
		D2B8A888264D820500363AAD /* WeatherTableViewCell.swift in Sources */ = {isa = PBXBuildFile; fileRef = D2B8A887264D820500363AAD /* WeatherTableViewCell.swift */; };
/* End PBXBuildFile section */

/* Begin PBXFileReference section */
		D235E6DD264EA15D000BFC2B /* WeatherTableViewCell.xib */ = {isa = PBXFileReference; lastKnownFileType = file.xib; path = WeatherTableViewCell.xib; sourceTree = "<group>"; };
		D235E6E0264EA176000BFC2B /* HourlyTableViewCell.xib */ = {isa = PBXFileReference; lastKnownFileType = file.xib; path = HourlyTableViewCell.xib; sourceTree = "<group>"; };
		D2B8A85D264D785800363AAD /* Weather.app */ = {isa = PBXFileReference; explicitFileType = wrapper.application; includeInIndex = 0; path = Weather.app; sourceTree = BUILT_PRODUCTS_DIR; };
		D2B8A860264D785800363AAD /* AppDelegate.swift */ = {isa = PBXFileReference; lastKnownFileType = sourcecode.swift; path = AppDelegate.swift; sourceTree = "<group>"; };
		D2B8A862264D785800363AAD /* SceneDelegate.swift */ = {isa = PBXFileReference; lastKnownFileType = sourcecode.swift; path = SceneDelegate.swift; sourceTree = "<group>"; };
		D2B8A864264D785800363AAD /* ViewController.swift */ = {isa = PBXFileReference; lastKnownFileType = sourcecode.swift; path = ViewController.swift; sourceTree = "<group>"; };
		D2B8A867264D785800363AAD /* Base */ = {isa = PBXFileReference; lastKnownFileType = file.storyboard; name = Base; path = Base.lproj/Main.storyboard; sourceTree = "<group>"; };
		D2B8A869264D785900363AAD /* Assets.xcassets */ = {isa = PBXFileReference; lastKnownFileType = folder.assetcatalog; path = Assets.xcassets; sourceTree = "<group>"; };
		D2B8A86C264D785900363AAD /* Base */ = {isa = PBXFileReference; lastKnownFileType = file.storyboard; name = Base; path = Base.lproj/LaunchScreen.storyboard; sourceTree = "<group>"; };
		D2B8A86E264D785900363AAD /* Info.plist */ = {isa = PBXFileReference; lastKnownFileType = text.plist.xml; path = Info.plist; sourceTree = "<group>"; };
		D2B8A87E264D814B00363AAD /* HourlyTableViewCell.swift */ = {isa = PBXFileReference; lastKnownFileType = sourcecode.swift; path = HourlyTableViewCell.swift; sourceTree = "<group>"; };
		D2B8A887264D820500363AAD /* WeatherTableViewCell.swift */ = {isa = PBXFileReference; lastKnownFileType = sourcecode.swift; path = WeatherTableViewCell.swift; sourceTree = "<group>"; };
/* End PBXFileReference section */

/* Begin PBXFrameworksBuildPhase section */
		D2B8A85A264D785800363AAD /* Frameworks */ = {
			isa = PBXFrameworksBuildPhase;
			buildActionMask = 2147483647;
			files = (
			);
			runOnlyForDeploymentPostprocessing = 0;
		};
/* End PBXFrameworksBuildPhase section */

/* Begin PBXGroup section */
		D2B8A854264D785800363AAD = {
			isa = PBXGroup;
			children = (
				D2B8A85F264D785800363AAD /* Weather */,
				D2B8A85E264D785800363AAD /* Products */,
			);
			sourceTree = "<group>";
		};
		D2B8A85E264D785800363AAD /* Products */ = {
			isa = PBXGroup;
			children = (
				D2B8A85D264D785800363AAD /* Weather.app */,
			);
			name = Products;
			sourceTree = "<group>";
		};
		D2B8A85F264D785800363AAD /* Weather */ = {
			isa = PBXGroup;
			children = (
				D2B8A882264D819E00363AAD /* WeatherCell */,
				D2B8A875264D801A00363AAD /* HourlyCollectionCell */,
				D2B8A860264D785800363AAD /* AppDelegate.swift */,
				D2B8A862264D785800363AAD /* SceneDelegate.swift */,
				D2B8A864264D785800363AAD /* ViewController.swift */,
				D2B8A866264D785800363AAD /* Main.storyboard */,
				D2B8A869264D785900363AAD /* Assets.xcassets */,
				D2B8A86B264D785900363AAD /* LaunchScreen.storyboard */,
				D2B8A86E264D785900363AAD /* Info.plist */,
			);
			path = Weather;
			sourceTree = "<group>";
		};
		D2B8A875264D801A00363AAD /* HourlyCollectionCell */ = {
			isa = PBXGroup;
			children = (
				D2B8A87E264D814B00363AAD /* HourlyTableViewCell.swift */,
				D235E6E0264EA176000BFC2B /* HourlyTableViewCell.xib */,
			);
			path = HourlyCollectionCell;
			sourceTree = "<group>";
		};
		D2B8A882264D819E00363AAD /* WeatherCell */ = {
			isa = PBXGroup;
			children = (
				D2B8A887264D820500363AAD /* WeatherTableViewCell.swift */,
				D235E6DD264EA15D000BFC2B /* WeatherTableViewCell.xib */,
			);
			path = WeatherCell;
			sourceTree = "<group>";
		};
/* End PBXGroup section */

/* Begin PBXNativeTarget section */
		D2B8A85C264D785800363AAD /* Weather */ = {
			isa = PBXNativeTarget;
			buildConfigurationList = D2B8A871264D785900363AAD /* Build configuration list for PBXNativeTarget "Weather" */;
			buildPhases = (
				D2B8A859264D785800363AAD /* Sources */,
				D2B8A85A264D785800363AAD /* Frameworks */,
				D2B8A85B264D785800363AAD /* Resources */,
			);
			buildRules = (
			);
			dependencies = (
			);
			name = Weather;
			productName = Weather;
			productReference = D2B8A85D264D785800363AAD /* Weather.app */;
			productType = "com.apple.product-type.application";
		};
/* End PBXNativeTarget section */

/* Begin PBXProject section */
		D2B8A855264D785800363AAD /* Project object */ = {
			isa = PBXProject;
			attributes = {
				LastSwiftUpdateCheck = 1240;
				LastUpgradeCheck = 1240;
				TargetAttributes = {
					D2B8A85C264D785800363AAD = {
						CreatedOnToolsVersion = 12.4;
					};
				};
			};
			buildConfigurationList = D2B8A858264D785800363AAD /* Build configuration list for PBXProject "Weather" */;
			compatibilityVersion = "Xcode 9.3";
			developmentRegion = en;
			hasScannedForEncodings = 0;
			knownRegions = (
				en,
				Base,
			);
			mainGroup = D2B8A854264D785800363AAD;
			productRefGroup = D2B8A85E264D785800363AAD /* Products */;
			projectDirPath = "";
			projectRoot = "";
			targets = (
				D2B8A85C264D785800363AAD /* Weather */,
			);
		};
/* End PBXProject section */

/* Begin PBXResourcesBuildPhase section */
		D2B8A85B264D785800363AAD /* Resources */ = {
			isa = PBXResourcesBuildPhase;
			buildActionMask = 2147483647;
			files = (
				D235E6DE264EA15D000BFC2B /* WeatherTableViewCell.xib in Resources */,
				D235E6E1264EA176000BFC2B /* HourlyTableViewCell.xib in Resources */,
				D2B8A86D264D785900363AAD /* LaunchScreen.storyboard in Resources */,
				D2B8A86A264D785900363AAD /* Assets.xcassets in Resources */,
				D2B8A868264D785800363AAD /* Main.storyboard in Resources */,
			);
			runOnlyForDeploymentPostprocessing = 0;
		};
/* End PBXResourcesBuildPhase section */

/* Begin PBXSourcesBuildPhase section */
		D2B8A859264D785800363AAD /* Sources */ = {
			isa = PBXSourcesBuildPhase;
			buildActionMask = 2147483647;
			files = (
				D2B8A865264D785800363AAD /* ViewController.swift in Sources */,
				D2B8A888264D820500363AAD /* WeatherTableViewCell.swift in Sources */,
				D2B8A861264D785800363AAD /* AppDelegate.swift in Sources */,
				D2B8A87F264D814B00363AAD /* HourlyTableViewCell.swift in Sources */,
				D2B8A863264D785800363AAD /* SceneDelegate.swift in Sources */,
			);
			runOnlyForDeploymentPostprocessing = 0;
		};
/* End PBXSourcesBuildPhase section */

/* Begin PBXVariantGroup section */
		D2B8A866264D785800363AAD /* Main.storyboard */ = {
			isa = PBXVariantGroup;
			children = (
				D2B8A867264D785800363AAD /* Base */,
			);
			name = Main.storyboard;
			sourceTree = "<group>";
		};
		D2B8A86B264D785900363AAD /* LaunchScreen.storyboard */ = {
			isa = PBXVariantGroup;
			children = (
				D2B8A86C264D785900363AAD /* Base */,
			);
			name = LaunchScreen.storyboard;
			sourceTree = "<group>";
		};
/* End PBXVariantGroup section */

/* Begin XCBuildConfiguration section */
		D2B8A86F264D785900363AAD /* Debug */ = {
			isa = XCBuildConfiguration;
			buildSettings = {
				ALWAYS_SEARCH_USER_PATHS = NO;
				CLANG_ANALYZER_NONNULL = YES;
				CLANG_ANALYZER_NUMBER_OBJECT_CONVERSION = YES_AGGRESSIVE;
				CLANG_CXX_LANGUAGE_STANDARD = "gnu++14";
				CLANG_CXX_LIBRARY = "libc++";
				CLANG_ENABLE_MODULES = YES;
				CLANG_ENABLE_OBJC_ARC = YES;
				CLANG_ENABLE_OBJC_WEAK = YES;
				CLANG_WARN_BLOCK_CAPTURE_AUTORELEASING = YES;
				CLANG_WARN_BOOL_CONVERSION = YES;
				CLANG_WARN_COMMA = YES;
				CLANG_WARN_CONSTANT_CONVERSION = YES;
				CLANG_WARN_DEPRECATED_OBJC_IMPLEMENTATIONS = YES;
				CLANG_WARN_DIRECT_OBJC_ISA_USAGE = YES_ERROR;
				CLANG_WARN_DOCUMENTATION_COMMENTS = YES;
				CLANG_WARN_EMPTY_BODY = YES;
				CLANG_WARN_ENUM_CONVERSION = YES;
				CLANG_WARN_INFINITE_RECURSION = YES;
				CLANG_WARN_INT_CONVERSION = YES;
				CLANG_WARN_NON_LITERAL_NULL_CONVERSION = YES;
				CLANG_WARN_OBJC_IMPLICIT_RETAIN_SELF = YES;
				CLANG_WARN_OBJC_LITERAL_CONVERSION = YES;
				CLANG_WARN_OBJC_ROOT_CLASS = YES_ERROR;
				CLANG_WARN_QUOTED_INCLUDE_IN_FRAMEWORK_HEADER = YES;
				CLANG_WARN_RANGE_LOOP_ANALYSIS = YES;
				CLANG_WARN_STRICT_PROTOTYPES = YES;
				CLANG_WARN_SUSPICIOUS_MOVE = YES;
				CLANG_WARN_UNGUARDED_AVAILABILITY = YES_AGGRESSIVE;
				CLANG_WARN_UNREACHABLE_CODE = YES;
				CLANG_WARN__DUPLICATE_METHOD_MATCH = YES;
				COPY_PHASE_STRIP = NO;
				DEBUG_INFORMATION_FORMAT = dwarf;
				ENABLE_STRICT_OBJC_MSGSEND = YES;
				ENABLE_TESTABILITY = YES;
				GCC_C_LANGUAGE_STANDARD = gnu11;
				GCC_DYNAMIC_NO_PIC = NO;
				GCC_NO_COMMON_BLOCKS = YES;
				GCC_OPTIMIZATION_LEVEL = 0;
				GCC_PREPROCESSOR_DEFINITIONS = (
					"DEBUG=1",
					"$(inherited)",
				);
				GCC_WARN_64_TO_32_BIT_CONVERSION = YES;
				GCC_WARN_ABOUT_RETURN_TYPE = YES_ERROR;
				GCC_WARN_UNDECLARED_SELECTOR = YES;
				GCC_WARN_UNINITIALIZED_AUTOS = YES_AGGRESSIVE;
				GCC_WARN_UNUSED_FUNCTION = YES;
				GCC_WARN_UNUSED_VARIABLE = YES;
				IPHONEOS_DEPLOYMENT_TARGET = 14.4;
				MTL_ENABLE_DEBUG_INFO = INCLUDE_SOURCE;
				MTL_FAST_MATH = YES;
				ONLY_ACTIVE_ARCH = YES;
				SDKROOT = iphoneos;
				SWIFT_ACTIVE_COMPILATION_CONDITIONS = DEBUG;
				SWIFT_OPTIMIZATION_LEVEL = "-Onone";
			};
			name = Debug;
		};
		D2B8A870264D785900363AAD /* Release */ = {
			isa = XCBuildConfiguration;
			buildSettings = {
				ALWAYS_SEARCH_USER_PATHS = NO;
				CLANG_ANALYZER_NONNULL = YES;
				CLANG_ANALYZER_NUMBER_OBJECT_CONVERSION = YES_AGGRESSIVE;
				CLANG_CXX_LANGUAGE_STANDARD = "gnu++14";
				CLANG_CXX_LIBRARY = "libc++";
				CLANG_ENABLE_MODULES = YES;
				CLANG_ENABLE_OBJC_ARC = YES;
				CLANG_ENABLE_OBJC_WEAK = YES;
				CLANG_WARN_BLOCK_CAPTURE_AUTORELEASING = YES;
				CLANG_WARN_BOOL_CONVERSION = YES;
				CLANG_WARN_COMMA = YES;
				CLANG_WARN_CONSTANT_CONVERSION = YES;
				CLANG_WARN_DEPRECATED_OBJC_IMPLEMENTATIONS = YES;
				CLANG_WARN_DIRECT_OBJC_ISA_USAGE = YES_ERROR;
				CLANG_WARN_DOCUMENTATION_COMMENTS = YES;
				CLANG_WARN_EMPTY_BODY = YES;
				CLANG_WARN_ENUM_CONVERSION = YES;
				CLANG_WARN_INFINITE_RECURSION = YES;
				CLANG_WARN_INT_CONVERSION = YES;
				CLANG_WARN_NON_LITERAL_NULL_CONVERSION = YES;
				CLANG_WARN_OBJC_IMPLICIT_RETAIN_SELF = YES;
				CLANG_WARN_OBJC_LITERAL_CONVERSION = YES;
				CLANG_WARN_OBJC_ROOT_CLASS = YES_ERROR;
				CLANG_WARN_QUOTED_INCLUDE_IN_FRAMEWORK_HEADER = YES;
				CLANG_WARN_RANGE_LOOP_ANALYSIS = YES;
				CLANG_WARN_STRICT_PROTOTYPES = YES;
				CLANG_WARN_SUSPICIOUS_MOVE = YES;
				CLANG_WARN_UNGUARDED_AVAILABILITY = YES_AGGRESSIVE;
				CLANG_WARN_UNREACHABLE_CODE = YES;
				CLANG_WARN__DUPLICATE_METHOD_MATCH = YES;
				COPY_PHASE_STRIP = NO;
				DEBUG_INFORMATION_FORMAT = "dwarf-with-dsym";
				ENABLE_NS_ASSERTIONS = NO;
				ENABLE_STRICT_OBJC_MSGSEND = YES;
				GCC_C_LANGUAGE_STANDARD = gnu11;
				GCC_NO_COMMON_BLOCKS = YES;
				GCC_WARN_64_TO_32_BIT_CONVERSION = YES;
				GCC_WARN_ABOUT_RETURN_TYPE = YES_ERROR;
				GCC_WARN_UNDECLARED_SELECTOR = YES;
				GCC_WARN_UNINITIALIZED_AUTOS = YES_AGGRESSIVE;
				GCC_WARN_UNUSED_FUNCTION = YES;
				GCC_WARN_UNUSED_VARIABLE = YES;
				IPHONEOS_DEPLOYMENT_TARGET = 14.4;
				MTL_ENABLE_DEBUG_INFO = NO;
				MTL_FAST_MATH = YES;
				SDKROOT = iphoneos;
				SWIFT_COMPILATION_MODE = wholemodule;
				SWIFT_OPTIMIZATION_LEVEL = "-O";
				VALIDATE_PRODUCT = YES;
			};
			name = Release;
		};
		D2B8A872264D785900363AAD /* Debug */ = {
			isa = XCBuildConfiguration;
			buildSettings = {
				ASSETCATALOG_COMPILER_APPICON_NAME = AppIcon;
				ASSETCATALOG_COMPILER_GLOBAL_ACCENT_COLOR_NAME = AccentColor;
				CODE_SIGN_STYLE = Automatic;
				INFOPLIST_FILE = Weather/Info.plist;
				LD_RUNPATH_SEARCH_PATHS = (
					"$(inherited)",
					"@executable_path/Frameworks",
				);
				PRODUCT_BUNDLE_IDENTIFIER = project.one.com.br.Weather;
				PRODUCT_NAME = "$(TARGET_NAME)";
				SWIFT_VERSION = 5.0;
				TARGETED_DEVICE_FAMILY = "1,2";
			};
			name = Debug;
		};
		D2B8A873264D785900363AAD /* Release */ = {
			isa = XCBuildConfiguration;
			buildSettings = {
				ASSETCATALOG_COMPILER_APPICON_NAME = AppIcon;
				ASSETCATALOG_COMPILER_GLOBAL_ACCENT_COLOR_NAME = AccentColor;
				CODE_SIGN_STYLE = Automatic;
				INFOPLIST_FILE = Weather/Info.plist;
				LD_RUNPATH_SEARCH_PATHS = (
					"$(inherited)",
					"@executable_path/Frameworks",
				);
				PRODUCT_BUNDLE_IDENTIFIER = project.one.com.br.Weather;
				PRODUCT_NAME = "$(TARGET_NAME)";
				SWIFT_VERSION = 5.0;
				TARGETED_DEVICE_FAMILY = "1,2";
			};
			name = Release;
		};
/* End XCBuildConfiguration section */

/* Begin XCConfigurationList section */
		D2B8A858264D785800363AAD /* Build configuration list for PBXProject "Weather" */ = {
			isa = XCConfigurationList;
			buildConfigurations = (
				D2B8A86F264D785900363AAD /* Debug */,
				D2B8A870264D785900363AAD /* Release */,
			);
			defaultConfigurationIsVisible = 0;
			defaultConfigurationName = Release;
		};
		D2B8A871264D785900363AAD /* Build configuration list for PBXNativeTarget "Weather" */ = {
			isa = XCConfigurationList;
			buildConfigurations = (
				D2B8A872264D785900363AAD /* Debug */,
				D2B8A873264D785900363AAD /* Release */,
			);
			defaultConfigurationIsVisible = 0;
			defaultConfigurationName = Release;
		};
/* End XCConfigurationList section */
	};
	rootObject = D2B8A855264D785800363AAD /* Project object */;
}
